
Microsoft Visual Studio Solution File, Format Version 12.00
# Visual Studio Version 16
VisualStudioVersion = 16.0.28714.193
MinimumVisualStudioVersion = 10.0.40219.1
Project("{9A19103F-16F7-4668-BE54-9A1E7A4F7556}") = "MSEdgeBot", "MSEdgeBot\MSEdgeBot.csproj", "{60E90097-C2FD-4E4B-B778-6E3F9D6FD636}"
EndProject
Project("{9A19103F-16F7-4668-BE54-9A1E7A4F7556}") = "EdgeUpdateAPI", "EdgeUpdateAPI\EdgeUpdateAPI.csproj", "{CEB6C8C6-E510-41F5-BB19-0004EB5FC8D2}"
EndProject
Global
	GlobalSection(SolutionConfigurationPlatforms) = preSolution
		Debug|Any CPU = Debug|Any CPU
		PROD_RELEASE|Any CPU = PROD_RELEASE|Any CPU
		Release|Any CPU = Release|Any CPU
	EndGlobalSection
	GlobalSection(ProjectConfigurationPlatforms) = postSolution
		{60E90097-C2FD-4E4B-B778-6E3F9D6FD636}.Debug|Any CPU.ActiveCfg = Debug|Any CPU
		{60E90097-C2FD-4E4B-B778-6E3F9D6FD636}.Debug|Any CPU.Build.0 = Debug|Any CPU
		{60E90097-C2FD-4E4B-B778-6E3F9D6FD636}.PROD_RELEASE|Any CPU.ActiveCfg = SHIP_RELEASE|Any CPU
		{60E90097-C2FD-4E4B-B778-6E3F9D6FD636}.PROD_RELEASE|Any CPU.Build.0 = SHIP_RELEASE|Any CPU
		{60E90097-C2FD-4E4B-B778-6E3F9D6FD636}.Release|Any CPU.ActiveCfg = Release|Any CPU
		{60E90097-C2FD-4E4B-B778-6E3F9D6FD636}.Release|Any CPU.Build.0 = Release|Any CPU
		{CEB6C8C6-E510-41F5-BB19-0004EB5FC8D2}.Debug|Any CPU.ActiveCfg = Debug|Any CPU
		{CEB6C8C6-E510-41F5-BB19-0004EB5FC8D2}.Debug|Any CPU.Build.0 = Debug|Any CPU
		{CEB6C8C6-E510-41F5-BB19-0004EB5FC8D2}.PROD_RELEASE|Any CPU.ActiveCfg = SHIP_RELEASE|Any CPU
		{CEB6C8C6-E510-41F5-BB19-0004EB5FC8D2}.PROD_RELEASE|Any CPU.Build.0 = SHIP_RELEASE|Any CPU
		{CEB6C8C6-E510-41F5-BB19-0004EB5FC8D2}.Release|Any CPU.ActiveCfg = Release|Any CPU
		{CEB6C8C6-E510-41F5-BB19-0004EB5FC8D2}.Release|Any CPU.Build.0 = Release|Any CPU
	EndGlobalSection
	GlobalSection(SolutionProperties) = preSolution
		HideSolutionNode = FALSE
	EndGlobalSection
	GlobalSection(ExtensibilityGlobals) = postSolution
		SolutionGuid = {1AFA4620-3371-493F-B561-1DFC878B1251}
	EndGlobalSection
EndGlobal
